
Microsoft Visual Studio Solution File, Format Version 12.00
# Visual Studio Version 16
VisualStudioVersion = 16.0.28803.156
MinimumVisualStudioVersion = 10.0.40219.1
Project("{8BC9CEB8-8B4A-11D0-8D11-00A0C91BC942}") = "sfml-Doodle-Jump", "sfml-Doodle-Jump\sfml-Doodle-Jump.vcxproj", "{E824D394-E9D4-41D5-8643-BAA911C1EE33}"
EndProject
Global
	GlobalSection(SolutionConfigurationPlatforms) = preSolution
		Debug|x64 = Debug|x64
		Debug|x86 = Debug|x86
		Release|x64 = Release|x64
		Release|x86 = Release|x86
	EndGlobalSection
	GlobalSection(ProjectConfigurationPlatforms) = postSolution
		{E824D394-E9D4-41D5-8643-BAA911C1EE33}.Debug|x64.ActiveCfg = Debug|x64
		{E824D394-E9D4-41D5-8643-BAA911C1EE33}.Debug|x64.Build.0 = Debug|x64
		{E824D394-E9D4-41D5-8643-BAA911C1EE33}.Debug|x86.ActiveCfg = Debug|Win32
		{E824D394-E9D4-41D5-8643-BAA911C1EE33}.Debug|x86.Build.0 = Debug|Win32
		{E824D394-E9D4-41D5-8643-BAA911C1EE33}.Release|x64.ActiveCfg = Release|x64
		{E824D394-E9D4-41D5-8643-BAA911C1EE33}.Release|x64.Build.0 = Release|x64
		{E824D394-E9D4-41D5-8643-BAA911C1EE33}.Release|x86.ActiveCfg = Release|Win32
		{E824D394-E9D4-41D5-8643-BAA911C1EE33}.Release|x86.Build.0 = Release|Win32
	EndGlobalSection
	GlobalSection(SolutionProperties) = preSolution
		HideSolutionNode = FALSE
	EndGlobalSection
	GlobalSection(ExtensibilityGlobals) = postSolution
		SolutionGuid = {EB44C61A-7385-436E-A2F2-45A35B27283F}
	EndGlobalSection
EndGlobal
